{
  "nodes": {
    "emacs-src": {
      "flake": false,
      "locked": {
        "lastModified": 1685809949,
        "narHash": "sha256-U6fQ0uCBwMH5JiUlk4Psk4vtFtBg8fxbrLkT6/IlPJQ=",
        "owner": "emacs-mirror",
        "repo": "emacs",
        "rev": "6847c01568ef09764ee603fda5e20505453e1e10",
        "type": "github"
      },
      "original": {
        "owner": "emacs-mirror",
        "repo": "emacs",
        "type": "github"
      }
    },
    "emacs-vterm-src": {
      "flake": false,
      "locked": {
        "lastModified": 1681705456,
        "narHash": "sha256-1+AbPtyl1dS73WTMrIUduyWeM4cOiD3CI7d0Ic3jpVw=",
        "owner": "akermu",
        "repo": "emacs-libvterm",
        "rev": "94e2b0b2b4a750e7907dacd5b4c0584900846dd1",
        "type": "github"
      },
      "original": {
        "owner": "akermu",
        "repo": "emacs-libvterm",
        "type": "github"
      }
    },
    "nixpkgs": {
      "locked": {
        "lastModified": 1685714850,
        "narHash": "sha256-OcvbIJq4CGwwFr9m7M/SQcDPZ64hhR4t77oZgEeh7ZY=",
        "owner": "nixos",
        "repo": "nixpkgs",
        "rev": "c6ffce3d5df7b4c588ce80a0c6e2d2348a611707",
        "type": "github"
      },
      "original": {
        "owner": "nixos",
        "ref": "nixpkgs-unstable",
        "repo": "nixpkgs",
        "type": "github"
      }
    },
    "root": {
      "inputs": {
        "emacs-src": "emacs-src",
        "emacs-vterm-src": "emacs-vterm-src",
        "nixpkgs": "nixpkgs"
      }
    }
  },
  "root": "root",
  "version": 7
}
