{
  "nodes": {
    "emacs-src": {
      "flake": false,
      "locked": {
        "lastModified": 1685279251,
        "narHash": "sha256-jgFThqHZyA889TRO/CrKtUid2KRd9azOZPmF1sE4s1M=",
        "owner": "emacs-mirror",
        "repo": "emacs",
        "rev": "c8e527cbeeea6be9bb713af33a3f40408b261234",
        "type": "github"
      },
      "original": {
        "owner": "emacs-mirror",
        "repo": "emacs",
        "type": "github"
      }
    },
    "emacs-vterm-src": {
      "flake": false,
      "locked": {
        "lastModified": 1681705456,
        "narHash": "sha256-1+AbPtyl1dS73WTMrIUduyWeM4cOiD3CI7d0Ic3jpVw=",
        "owner": "akermu",
        "repo": "emacs-libvterm",
        "rev": "94e2b0b2b4a750e7907dacd5b4c0584900846dd1",
        "type": "github"
      },
      "original": {
        "owner": "akermu",
        "repo": "emacs-libvterm",
        "type": "github"
      }
    },
    "nixpkgs": {
      "locked": {
        "lastModified": 1685012353,
        "narHash": "sha256-U3oOge4cHnav8OLGdRVhL45xoRj4Ppd+It6nPC9nNIU=",
        "owner": "nixos",
        "repo": "nixpkgs",
        "rev": "aeb75dba965e790de427b73315d5addf91a54955",
        "type": "github"
      },
      "original": {
        "owner": "nixos",
        "ref": "nixpkgs-unstable",
        "repo": "nixpkgs",
        "type": "github"
      }
    },
    "root": {
      "inputs": {
        "emacs-src": "emacs-src",
        "emacs-vterm-src": "emacs-vterm-src",
        "nixpkgs": "nixpkgs"
      }
    }
  },
  "root": "root",
  "version": 7
}
